
Microsoft Visual Studio Solution File, Format Version 12.00
# Visual Studio Version 17
VisualStudioVersion = 17.4.33213.308
MinimumVisualStudioVersion = 10.0.40219.1
Project("{FAE04EC0-301F-11D3-BF4B-00C04F79EFBC}") = "IfStatements", "IfStatements\IfStatements.csproj", "{3D1489D2-D5A1-4E84-86FA-FBFD0E1DA2A7}"
EndProject
Global
	GlobalSection(SolutionConfigurationPlatforms) = preSolution
		Debug|Any CPU = Debug|Any CPU
		Release|Any CPU = Release|Any CPU
	EndGlobalSection
	GlobalSection(ProjectConfigurationPlatforms) = postSolution
		{3D1489D2-D5A1-4E84-86FA-FBFD0E1DA2A7}.Debug|Any CPU.ActiveCfg = Debug|Any CPU
		{3D1489D2-D5A1-4E84-86FA-FBFD0E1DA2A7}.Debug|Any CPU.Build.0 = Debug|Any CPU
		{3D1489D2-D5A1-4E84-86FA-FBFD0E1DA2A7}.Release|Any CPU.ActiveCfg = Release|Any CPU
		{3D1489D2-D5A1-4E84-86FA-FBFD0E1DA2A7}.Release|Any CPU.Build.0 = Release|Any CPU
	EndGlobalSection
	GlobalSection(SolutionProperties) = preSolution
		HideSolutionNode = FALSE
	EndGlobalSection
	GlobalSection(ExtensibilityGlobals) = postSolution
		SolutionGuid = {8FB40B13-F939-433C-8184-6A45F18D3A0A}
	EndGlobalSection
EndGlobal
